// !$*UTF8*$!
{
	archiveVersion = 1;
	classes = {
	};
	objectVersion = 46;
	objects = {

/* Begin PBXBuildFile section */
		04DBDA9D35B3A9B7B400594A /* Pods_pokedex3.framework in Frameworks */ = {isa = PBXBuildFile; fileRef = C2FCC47222E56A73E20D9351 /* Pods_pokedex3.framework */; };
		AEAB8C241E566EC2007BD673 /* AppDelegate.swift in Sources */ = {isa = PBXBuildFile; fileRef = AEAB8C231E566EC2007BD673 /* AppDelegate.swift */; };
		AEAB8C261E566EC2007BD673 /* ViewController.swift in Sources */ = {isa = PBXBuildFile; fileRef = AEAB8C251E566EC2007BD673 /* ViewController.swift */; };
		AEAB8C291E566EC2007BD673 /* Main.storyboard in Resources */ = {isa = PBXBuildFile; fileRef = AEAB8C271E566EC2007BD673 /* Main.storyboard */; };
		AEAB8C2B1E566EC2007BD673 /* Assets.xcassets in Resources */ = {isa = PBXBuildFile; fileRef = AEAB8C2A1E566EC2007BD673 /* Assets.xcassets */; };
		AEAB8C2E1E566EC2007BD673 /* LaunchScreen.storyboard in Resources */ = {isa = PBXBuildFile; fileRef = AEAB8C2C1E566EC2007BD673 /* LaunchScreen.storyboard */; };
		AEAB8C391E566EC2007BD673 /* pokedex3Tests.swift in Sources */ = {isa = PBXBuildFile; fileRef = AEAB8C381E566EC2007BD673 /* pokedex3Tests.swift */; };
		AEAB8C441E566EC2007BD673 /* pokedex3UITests.swift in Sources */ = {isa = PBXBuildFile; fileRef = AEAB8C431E566EC2007BD673 /* pokedex3UITests.swift */; };
		AEAB8C521E5671A3007BD673 /* pokemon.csv in Resources */ = {isa = PBXBuildFile; fileRef = AEAB8C511E5671A3007BD673 /* pokemon.csv */; };
		AEAB8C551E567238007BD673 /* Pokemon.swift in Sources */ = {isa = PBXBuildFile; fileRef = AEAB8C541E567238007BD673 /* Pokemon.swift */; };
		AEAB8C581E56778D007BD673 /* PokeCell.swift in Sources */ = {isa = PBXBuildFile; fileRef = AEAB8C571E56778D007BD673 /* PokeCell.swift */; };
		AEAB8C5A1E57710B007BD673 /* csv.swift in Sources */ = {isa = PBXBuildFile; fileRef = AEAB8C591E57710B007BD673 /* csv.swift */; };
		AEAB8C5C1E57773E007BD673 /* pokemon.ttf in Resources */ = {isa = PBXBuildFile; fileRef = AEAB8C5B1E57773E007BD673 /* pokemon.ttf */; };
		AEAB8C611E5778C2007BD673 /* music.png in Resources */ = {isa = PBXBuildFile; fileRef = AEAB8C601E5778C2007BD673 /* music.png */; };
		AEAB8C631E577B3D007BD673 /* music.mp3 in Resources */ = {isa = PBXBuildFile; fileRef = AEAB8C621E577B3D007BD673 /* music.mp3 */; };
		AEAB8C651E578615007BD673 /* PokemonDetailVC.swift in Sources */ = {isa = PBXBuildFile; fileRef = AEAB8C641E578615007BD673 /* PokemonDetailVC.swift */; };
		AEBAC8091E57DA2F00120D05 /* Constants.swift in Sources */ = {isa = PBXBuildFile; fileRef = AEBAC8081E57DA2F00120D05 /* Constants.swift */; };
/* End PBXBuildFile section */

/* Begin PBXContainerItemProxy section */
		AEAB8C351E566EC2007BD673 /* PBXContainerItemProxy */ = {
			isa = PBXContainerItemProxy;
			containerPortal = AEAB8C181E566EC2007BD673 /* Project object */;
			proxyType = 1;
			remoteGlobalIDString = AEAB8C1F1E566EC2007BD673;
			remoteInfo = pokedex3;
		};
		AEAB8C401E566EC2007BD673 /* PBXContainerItemProxy */ = {
			isa = PBXContainerItemProxy;
			containerPortal = AEAB8C181E566EC2007BD673 /* Project object */;
			proxyType = 1;
			remoteGlobalIDString = AEAB8C1F1E566EC2007BD673;
			remoteInfo = pokedex3;
		};
/* End PBXContainerItemProxy section */

/* Begin PBXFileReference section */
		16101F992DD546518122C95E /* Pods-pokedex3.release.xcconfig */ = {isa = PBXFileReference; includeInIndex = 1; lastKnownFileType = text.xcconfig; name = "Pods-pokedex3.release.xcconfig"; path = "Pods/Target Support Files/Pods-pokedex3/Pods-pokedex3.release.xcconfig"; sourceTree = "<group>"; };
		3A7D5349731C8D5E800A44EE /* Pods-pokedex3.debug.xcconfig */ = {isa = PBXFileReference; includeInIndex = 1; lastKnownFileType = text.xcconfig; name = "Pods-pokedex3.debug.xcconfig"; path = "Pods/Target Support Files/Pods-pokedex3/Pods-pokedex3.debug.xcconfig"; sourceTree = "<group>"; };
		AEAB8C201E566EC2007BD673 /* pokedex3.app */ = {isa = PBXFileReference; explicitFileType = wrapper.application; includeInIndex = 0; path = pokedex3.app; sourceTree = BUILT_PRODUCTS_DIR; };
		AEAB8C231E566EC2007BD673 /* AppDelegate.swift */ = {isa = PBXFileReference; lastKnownFileType = sourcecode.swift; path = AppDelegate.swift; sourceTree = "<group>"; };
		AEAB8C251E566EC2007BD673 /* ViewController.swift */ = {isa = PBXFileReference; lastKnownFileType = sourcecode.swift; path = ViewController.swift; sourceTree = "<group>"; };
		AEAB8C281E566EC2007BD673 /* Base */ = {isa = PBXFileReference; lastKnownFileType = file.storyboard; name = Base; path = Base.lproj/Main.storyboard; sourceTree = "<group>"; };
		AEAB8C2A1E566EC2007BD673 /* Assets.xcassets */ = {isa = PBXFileReference; lastKnownFileType = folder.assetcatalog; path = Assets.xcassets; sourceTree = "<group>"; };
		AEAB8C2D1E566EC2007BD673 /* Base */ = {isa = PBXFileReference; lastKnownFileType = file.storyboard; name = Base; path = Base.lproj/LaunchScreen.storyboard; sourceTree = "<group>"; };
		AEAB8C2F1E566EC2007BD673 /* Info.plist */ = {isa = PBXFileReference; lastKnownFileType = text.plist.xml; path = Info.plist; sourceTree = "<group>"; };
		AEAB8C341E566EC2007BD673 /* pokedex3Tests.xctest */ = {isa = PBXFileReference; explicitFileType = wrapper.cfbundle; includeInIndex = 0; path = pokedex3Tests.xctest; sourceTree = BUILT_PRODUCTS_DIR; };
		AEAB8C381E566EC2007BD673 /* pokedex3Tests.swift */ = {isa = PBXFileReference; lastKnownFileType = sourcecode.swift; path = pokedex3Tests.swift; sourceTree = "<group>"; };
		AEAB8C3A1E566EC2007BD673 /* Info.plist */ = {isa = PBXFileReference; lastKnownFileType = text.plist.xml; path = Info.plist; sourceTree = "<group>"; };
		AEAB8C3F1E566EC2007BD673 /* pokedex3UITests.xctest */ = {isa = PBXFileReference; explicitFileType = wrapper.cfbundle; includeInIndex = 0; path = pokedex3UITests.xctest; sourceTree = BUILT_PRODUCTS_DIR; };
		AEAB8C431E566EC2007BD673 /* pokedex3UITests.swift */ = {isa = PBXFileReference; lastKnownFileType = sourcecode.swift; path = pokedex3UITests.swift; sourceTree = "<group>"; };
		AEAB8C451E566EC2007BD673 /* Info.plist */ = {isa = PBXFileReference; lastKnownFileType = text.plist.xml; path = Info.plist; sourceTree = "<group>"; };
		AEAB8C511E5671A3007BD673 /* pokemon.csv */ = {isa = PBXFileReference; fileEncoding = 4; lastKnownFileType = text; path = pokemon.csv; sourceTree = "<group>"; };
		AEAB8C541E567238007BD673 /* Pokemon.swift */ = {isa = PBXFileReference; fileEncoding = 4; lastKnownFileType = sourcecode.swift; path = Pokemon.swift; sourceTree = "<group>"; };
		AEAB8C571E56778D007BD673 /* PokeCell.swift */ = {isa = PBXFileReference; fileEncoding = 4; lastKnownFileType = sourcecode.swift; path = PokeCell.swift; sourceTree = "<group>"; };
		AEAB8C591E57710B007BD673 /* csv.swift */ = {isa = PBXFileReference; fileEncoding = 4; lastKnownFileType = sourcecode.swift; path = csv.swift; sourceTree = "<group>"; };
		AEAB8C5B1E57773E007BD673 /* pokemon.ttf */ = {isa = PBXFileReference; lastKnownFileType = file; path = pokemon.ttf; sourceTree = "<group>"; };
		AEAB8C601E5778C2007BD673 /* music.png */ = {isa = PBXFileReference; lastKnownFileType = image.png; path = music.png; sourceTree = "<group>"; };
		AEAB8C621E577B3D007BD673 /* music.mp3 */ = {isa = PBXFileReference; lastKnownFileType = audio.mp3; path = music.mp3; sourceTree = "<group>"; };
		AEAB8C641E578615007BD673 /* PokemonDetailVC.swift */ = {isa = PBXFileReference; fileEncoding = 4; lastKnownFileType = sourcecode.swift; path = PokemonDetailVC.swift; sourceTree = "<group>"; };
		AEBAC8081E57DA2F00120D05 /* Constants.swift */ = {isa = PBXFileReference; fileEncoding = 4; lastKnownFileType = sourcecode.swift; path = Constants.swift; sourceTree = "<group>"; };
		C2FCC47222E56A73E20D9351 /* Pods_pokedex3.framework */ = {isa = PBXFileReference; explicitFileType = wrapper.framework; includeInIndex = 0; path = Pods_pokedex3.framework; sourceTree = BUILT_PRODUCTS_DIR; };
/* End PBXFileReference section */

/* Begin PBXFrameworksBuildPhase section */
		AEAB8C1D1E566EC2007BD673 /* Frameworks */ = {
			isa = PBXFrameworksBuildPhase;
			buildActionMask = 2147483647;
			files = (
				04DBDA9D35B3A9B7B400594A /* Pods_pokedex3.framework in Frameworks */,
			);
			runOnlyForDeploymentPostprocessing = 0;
		};
		AEAB8C311E566EC2007BD673 /* Frameworks */ = {
			isa = PBXFrameworksBuildPhase;
			buildActionMask = 2147483647;
			files = (
			);
			runOnlyForDeploymentPostprocessing = 0;
		};
		AEAB8C3C1E566EC2007BD673 /* Frameworks */ = {
			isa = PBXFrameworksBuildPhase;
			buildActionMask = 2147483647;
			files = (
			);
			runOnlyForDeploymentPostprocessing = 0;
		};
/* End PBXFrameworksBuildPhase section */

/* Begin PBXGroup section */
		554471EEB08EC6FAB30526AC /* Pods */ = {
			isa = PBXGroup;
			children = (
				3A7D5349731C8D5E800A44EE /* Pods-pokedex3.debug.xcconfig */,
				16101F992DD546518122C95E /* Pods-pokedex3.release.xcconfig */,
			);
			name = Pods;
			sourceTree = "<group>";
		};
		783BAF8F9E3BBFA3A5A3602F /* Frameworks */ = {
			isa = PBXGroup;
			children = (
				C2FCC47222E56A73E20D9351 /* Pods_pokedex3.framework */,
			);
			name = Frameworks;
			sourceTree = "<group>";
		};
		AEAB8C171E566EC2007BD673 = {
			isa = PBXGroup;
			children = (
				AEAB8C221E566EC2007BD673 /* pokedex3 */,
				AEAB8C371E566EC2007BD673 /* pokedex3Tests */,
				AEAB8C421E566EC2007BD673 /* pokedex3UITests */,
				AEAB8C211E566EC2007BD673 /* Products */,
				554471EEB08EC6FAB30526AC /* Pods */,
				783BAF8F9E3BBFA3A5A3602F /* Frameworks */,
			);
			sourceTree = "<group>";
		};
		AEAB8C211E566EC2007BD673 /* Products */ = {
			isa = PBXGroup;
			children = (
				AEAB8C201E566EC2007BD673 /* pokedex3.app */,
				AEAB8C341E566EC2007BD673 /* pokedex3Tests.xctest */,
				AEAB8C3F1E566EC2007BD673 /* pokedex3UITests.xctest */,
			);
			name = Products;
			sourceTree = "<group>";
		};
		AEAB8C221E566EC2007BD673 /* pokedex3 */ = {
			isa = PBXGroup;
			children = (
				AEAB8C531E567227007BD673 /* Model */,
				AEAB8C561E56776C007BD673 /* View */,
				AEAB8C5D1E577757007BD673 /* Controller */,
				AEAB8C5F1E57776A007BD673 /* Util */,
				AEAB8C5E1E577760007BD673 /* Resources */,
				AEAB8C231E566EC2007BD673 /* AppDelegate.swift */,
				AEAB8C271E566EC2007BD673 /* Main.storyboard */,
				AEAB8C2A1E566EC2007BD673 /* Assets.xcassets */,
				AEAB8C2C1E566EC2007BD673 /* LaunchScreen.storyboard */,
				AEAB8C2F1E566EC2007BD673 /* Info.plist */,
			);
			path = pokedex3;
			sourceTree = "<group>";
		};
		AEAB8C371E566EC2007BD673 /* pokedex3Tests */ = {
			isa = PBXGroup;
			children = (
				AEAB8C381E566EC2007BD673 /* pokedex3Tests.swift */,
				AEAB8C3A1E566EC2007BD673 /* Info.plist */,
			);
			path = pokedex3Tests;
			sourceTree = "<group>";
		};
		AEAB8C421E566EC2007BD673 /* pokedex3UITests */ = {
			isa = PBXGroup;
			children = (
				AEAB8C431E566EC2007BD673 /* pokedex3UITests.swift */,
				AEAB8C451E566EC2007BD673 /* Info.plist */,
			);
			path = pokedex3UITests;
			sourceTree = "<group>";
		};
		AEAB8C531E567227007BD673 /* Model */ = {
			isa = PBXGroup;
			children = (
				AEAB8C541E567238007BD673 /* Pokemon.swift */,
			);
			name = Model;
			sourceTree = "<group>";
		};
		AEAB8C561E56776C007BD673 /* View */ = {
			isa = PBXGroup;
			children = (
				AEAB8C571E56778D007BD673 /* PokeCell.swift */,
			);
			name = View;
			sourceTree = "<group>";
		};
		AEAB8C5D1E577757007BD673 /* Controller */ = {
			isa = PBXGroup;
			children = (
				AEAB8C641E578615007BD673 /* PokemonDetailVC.swift */,
				AEAB8C251E566EC2007BD673 /* ViewController.swift */,
			);
			name = Controller;
			sourceTree = "<group>";
		};
		AEAB8C5E1E577760007BD673 /* Resources */ = {
			isa = PBXGroup;
			children = (
				AEAB8C621E577B3D007BD673 /* music.mp3 */,
				AEAB8C511E5671A3007BD673 /* pokemon.csv */,
				AEAB8C601E5778C2007BD673 /* music.png */,
				AEAB8C5B1E57773E007BD673 /* pokemon.ttf */,
			);
			name = Resources;
			sourceTree = "<group>";
		};
		AEAB8C5F1E57776A007BD673 /* Util */ = {
			isa = PBXGroup;
			children = (
				AEAB8C591E57710B007BD673 /* csv.swift */,
				AEBAC8081E57DA2F00120D05 /* Constants.swift */,
			);
			name = Util;
			sourceTree = "<group>";
		};
/* End PBXGroup section */

/* Begin PBXNativeTarget section */
		AEAB8C1F1E566EC2007BD673 /* pokedex3 */ = {
			isa = PBXNativeTarget;
			buildConfigurationList = AEAB8C481E566EC2007BD673 /* Build configuration list for PBXNativeTarget "pokedex3" */;
			buildPhases = (
				15F40117B36AC79EBA491198 /* [CP] Check Pods Manifest.lock */,
				AEAB8C1C1E566EC2007BD673 /* Sources */,
				AEAB8C1D1E566EC2007BD673 /* Frameworks */,
				AEAB8C1E1E566EC2007BD673 /* Resources */,
				BF8BB0332BDFB51C19750B21 /* [CP] Embed Pods Frameworks */,
				5F74014854F84F5549C284DF /* [CP] Copy Pods Resources */,
			);
			buildRules = (
			);
			dependencies = (
			);
			name = pokedex3;
			productName = pokedex3;
			productReference = AEAB8C201E566EC2007BD673 /* pokedex3.app */;
			productType = "com.apple.product-type.application";
		};
		AEAB8C331E566EC2007BD673 /* pokedex3Tests */ = {
			isa = PBXNativeTarget;
			buildConfigurationList = AEAB8C4B1E566EC2007BD673 /* Build configuration list for PBXNativeTarget "pokedex3Tests" */;
			buildPhases = (
				AEAB8C301E566EC2007BD673 /* Sources */,
				AEAB8C311E566EC2007BD673 /* Frameworks */,
				AEAB8C321E566EC2007BD673 /* Resources */,
			);
			buildRules = (
			);
			dependencies = (
				AEAB8C361E566EC2007BD673 /* PBXTargetDependency */,
			);
			name = pokedex3Tests;
			productName = pokedex3Tests;
			productReference = AEAB8C341E566EC2007BD673 /* pokedex3Tests.xctest */;
			productType = "com.apple.product-type.bundle.unit-test";
		};
		AEAB8C3E1E566EC2007BD673 /* pokedex3UITests */ = {
			isa = PBXNativeTarget;
			buildConfigurationList = AEAB8C4E1E566EC2007BD673 /* Build configuration list for PBXNativeTarget "pokedex3UITests" */;
			buildPhases = (
				AEAB8C3B1E566EC2007BD673 /* Sources */,
				AEAB8C3C1E566EC2007BD673 /* Frameworks */,
				AEAB8C3D1E566EC2007BD673 /* Resources */,
			);
			buildRules = (
			);
			dependencies = (
				AEAB8C411E566EC2007BD673 /* PBXTargetDependency */,
			);
			name = pokedex3UITests;
			productName = pokedex3UITests;
			productReference = AEAB8C3F1E566EC2007BD673 /* pokedex3UITests.xctest */;
			productType = "com.apple.product-type.bundle.ui-testing";
		};
/* End PBXNativeTarget section */

/* Begin PBXProject section */
		AEAB8C181E566EC2007BD673 /* Project object */ = {
			isa = PBXProject;
			attributes = {
				LastSwiftUpdateCheck = 0820;
				LastUpgradeCheck = 0820;
				ORGANIZATIONNAME = "Code Path";
				TargetAttributes = {
					AEAB8C1F1E566EC2007BD673 = {
						CreatedOnToolsVersion = 8.2.1;
						DevelopmentTeam = 49TA9779W8;
						LastSwiftMigration = 0820;
						ProvisioningStyle = Automatic;
					};
					AEAB8C331E566EC2007BD673 = {
						CreatedOnToolsVersion = 8.2.1;
						DevelopmentTeam = 49TA9779W8;
						LastSwiftMigration = 0820;
						ProvisioningStyle = Automatic;
						TestTargetID = AEAB8C1F1E566EC2007BD673;
					};
					AEAB8C3E1E566EC2007BD673 = {
						CreatedOnToolsVersion = 8.2.1;
						DevelopmentTeam = 49TA9779W8;
						LastSwiftMigration = 0820;
						ProvisioningStyle = Automatic;
						TestTargetID = AEAB8C1F1E566EC2007BD673;
					};
				};
			};
			buildConfigurationList = AEAB8C1B1E566EC2007BD673 /* Build configuration list for PBXProject "pokedex3" */;
			compatibilityVersion = "Xcode 3.2";
			developmentRegion = English;
			hasScannedForEncodings = 0;
			knownRegions = (
				en,
				Base,
			);
			mainGroup = AEAB8C171E566EC2007BD673;
			productRefGroup = AEAB8C211E566EC2007BD673 /* Products */;
			projectDirPath = "";
			projectRoot = "";
			targets = (
				AEAB8C1F1E566EC2007BD673 /* pokedex3 */,
				AEAB8C331E566EC2007BD673 /* pokedex3Tests */,
				AEAB8C3E1E566EC2007BD673 /* pokedex3UITests */,
			);
		};
/* End PBXProject section */

/* Begin PBXResourcesBuildPhase section */
		AEAB8C1E1E566EC2007BD673 /* Resources */ = {
			isa = PBXResourcesBuildPhase;
			buildActionMask = 2147483647;
			files = (
				AEAB8C5C1E57773E007BD673 /* pokemon.ttf in Resources */,
				AEAB8C2E1E566EC2007BD673 /* LaunchScreen.storyboard in Resources */,
				AEAB8C2B1E566EC2007BD673 /* Assets.xcassets in Resources */,
				AEAB8C521E5671A3007BD673 /* pokemon.csv in Resources */,
				AEAB8C291E566EC2007BD673 /* Main.storyboard in Resources */,
				AEAB8C631E577B3D007BD673 /* music.mp3 in Resources */,
				AEAB8C611E5778C2007BD673 /* music.png in Resources */,
			);
			runOnlyForDeploymentPostprocessing = 0;
		};
		AEAB8C321E566EC2007BD673 /* Resources */ = {
			isa = PBXResourcesBuildPhase;
			buildActionMask = 2147483647;
			files = (
			);
			runOnlyForDeploymentPostprocessing = 0;
		};
		AEAB8C3D1E566EC2007BD673 /* Resources */ = {
			isa = PBXResourcesBuildPhase;
			buildActionMask = 2147483647;
			files = (
			);
			runOnlyForDeploymentPostprocessing = 0;
		};
/* End PBXResourcesBuildPhase section */

/* Begin PBXShellScriptBuildPhase section */
		15F40117B36AC79EBA491198 /* [CP] Check Pods Manifest.lock */ = {
			isa = PBXShellScriptBuildPhase;
			buildActionMask = 2147483647;
			files = (
			);
			inputPaths = (
			);
			name = "[CP] Check Pods Manifest.lock";
			outputPaths = (
			);
			runOnlyForDeploymentPostprocessing = 0;
			shellPath = /bin/sh;
			shellScript = "diff \"${PODS_ROOT}/../Podfile.lock\" \"${PODS_ROOT}/Manifest.lock\" > /dev/null\nif [ $? != 0 ] ; then\n    # print error to STDERR\n    echo \"error: The sandbox is not in sync with the Podfile.lock. Run 'pod install' or update your CocoaPods installation.\" >&2\n    exit 1\nfi\n";
			showEnvVarsInLog = 0;
		};
		5F74014854F84F5549C284DF /* [CP] Copy Pods Resources */ = {
			isa = PBXShellScriptBuildPhase;
			buildActionMask = 2147483647;
			files = (
			);
			inputPaths = (
			);
			name = "[CP] Copy Pods Resources";
			outputPaths = (
			);
			runOnlyForDeploymentPostprocessing = 0;
			shellPath = /bin/sh;
			shellScript = "\"${SRCROOT}/Pods/Target Support Files/Pods-pokedex3/Pods-pokedex3-resources.sh\"\n";
			showEnvVarsInLog = 0;
		};
		BF8BB0332BDFB51C19750B21 /* [CP] Embed Pods Frameworks */ = {
			isa = PBXShellScriptBuildPhase;
			buildActionMask = 2147483647;
			files = (
			);
			inputPaths = (
			);
			name = "[CP] Embed Pods Frameworks";
			outputPaths = (
			);
			runOnlyForDeploymentPostprocessing = 0;
			shellPath = /bin/sh;
			shellScript = "\"${SRCROOT}/Pods/Target Support Files/Pods-pokedex3/Pods-pokedex3-frameworks.sh\"\n";
			showEnvVarsInLog = 0;
		};
/* End PBXShellScriptBuildPhase section */

/* Begin PBXSourcesBuildPhase section */
		AEAB8C1C1E566EC2007BD673 /* Sources */ = {
			isa = PBXSourcesBuildPhase;
			buildActionMask = 2147483647;
			files = (
				AEAB8C581E56778D007BD673 /* PokeCell.swift in Sources */,
				AEAB8C551E567238007BD673 /* Pokemon.swift in Sources */,
				AEAB8C261E566EC2007BD673 /* ViewController.swift in Sources */,
				AEAB8C651E578615007BD673 /* PokemonDetailVC.swift in Sources */,
				AEBAC8091E57DA2F00120D05 /* Constants.swift in Sources */,
				AEAB8C241E566EC2007BD673 /* AppDelegate.swift in Sources */,
				AEAB8C5A1E57710B007BD673 /* csv.swift in Sources */,
			);
			runOnlyForDeploymentPostprocessing = 0;
		};
		AEAB8C301E566EC2007BD673 /* Sources */ = {
			isa = PBXSourcesBuildPhase;
			buildActionMask = 2147483647;
			files = (
				AEAB8C391E566EC2007BD673 /* pokedex3Tests.swift in Sources */,
			);
			runOnlyForDeploymentPostprocessing = 0;
		};
		AEAB8C3B1E566EC2007BD673 /* Sources */ = {
			isa = PBXSourcesBuildPhase;
			buildActionMask = 2147483647;
			files = (
				AEAB8C441E566EC2007BD673 /* pokedex3UITests.swift in Sources */,
			);
			runOnlyForDeploymentPostprocessing = 0;
		};
/* End PBXSourcesBuildPhase section */

/* Begin PBXTargetDependency section */
		AEAB8C361E566EC2007BD673 /* PBXTargetDependency */ = {
			isa = PBXTargetDependency;
			target = AEAB8C1F1E566EC2007BD673 /* pokedex3 */;
			targetProxy = AEAB8C351E566EC2007BD673 /* PBXContainerItemProxy */;
		};
		AEAB8C411E566EC2007BD673 /* PBXTargetDependency */ = {
			isa = PBXTargetDependency;
			target = AEAB8C1F1E566EC2007BD673 /* pokedex3 */;
			targetProxy = AEAB8C401E566EC2007BD673 /* PBXContainerItemProxy */;
		};
/* End PBXTargetDependency section */

/* Begin PBXVariantGroup section */
		AEAB8C271E566EC2007BD673 /* Main.storyboard */ = {
			isa = PBXVariantGroup;
			children = (
				AEAB8C281E566EC2007BD673 /* Base */,
			);
			name = Main.storyboard;
			sourceTree = "<group>";
		};
		AEAB8C2C1E566EC2007BD673 /* LaunchScreen.storyboard */ = {
			isa = PBXVariantGroup;
			children = (
				AEAB8C2D1E566EC2007BD673 /* Base */,
			);
			name = LaunchScreen.storyboard;
			sourceTree = "<group>";
		};
/* End PBXVariantGroup section */

/* Begin XCBuildConfiguration section */
		AEAB8C461E566EC2007BD673 /* Debug */ = {
			isa = XCBuildConfiguration;
			buildSettings = {
				ALWAYS_SEARCH_USER_PATHS = NO;
				CLANG_ANALYZER_NONNULL = YES;
				CLANG_CXX_LANGUAGE_STANDARD = "gnu++0x";
				CLANG_CXX_LIBRARY = "libc++";
				CLANG_ENABLE_MODULES = YES;
				CLANG_ENABLE_OBJC_ARC = YES;
				CLANG_WARN_BOOL_CONVERSION = YES;
				CLANG_WARN_CONSTANT_CONVERSION = YES;
				CLANG_WARN_DIRECT_OBJC_ISA_USAGE = YES_ERROR;
				CLANG_WARN_DOCUMENTATION_COMMENTS = YES;
				CLANG_WARN_EMPTY_BODY = YES;
				CLANG_WARN_ENUM_CONVERSION = YES;
				CLANG_WARN_INFINITE_RECURSION = YES;
				CLANG_WARN_INT_CONVERSION = YES;
				CLANG_WARN_OBJC_ROOT_CLASS = YES_ERROR;
				CLANG_WARN_SUSPICIOUS_MOVE = YES;
				CLANG_WARN_UNREACHABLE_CODE = YES;
				CLANG_WARN__DUPLICATE_METHOD_MATCH = YES;
				"CODE_SIGN_IDENTITY[sdk=iphoneos*]" = "iPhone Developer";
				COPY_PHASE_STRIP = NO;
				DEBUG_INFORMATION_FORMAT = dwarf;
				ENABLE_STRICT_OBJC_MSGSEND = YES;
				ENABLE_TESTABILITY = YES;
				GCC_C_LANGUAGE_STANDARD = gnu99;
				GCC_DYNAMIC_NO_PIC = NO;
				GCC_NO_COMMON_BLOCKS = YES;
				GCC_OPTIMIZATION_LEVEL = 0;
				GCC_PREPROCESSOR_DEFINITIONS = (
					"DEBUG=1",
					"$(inherited)",
				);
				GCC_WARN_64_TO_32_BIT_CONVERSION = YES;
				GCC_WARN_ABOUT_RETURN_TYPE = YES_ERROR;
				GCC_WARN_UNDECLARED_SELECTOR = YES;
				GCC_WARN_UNINITIALIZED_AUTOS = YES_AGGRESSIVE;
				GCC_WARN_UNUSED_FUNCTION = YES;
				GCC_WARN_UNUSED_VARIABLE = YES;
				IPHONEOS_DEPLOYMENT_TARGET = 10.2;
				MTL_ENABLE_DEBUG_INFO = YES;
				ONLY_ACTIVE_ARCH = YES;
				SDKROOT = iphoneos;
				SWIFT_ACTIVE_COMPILATION_CONDITIONS = DEBUG;
				SWIFT_OPTIMIZATION_LEVEL = "-Onone";
			};
			name = Debug;
		};
		AEAB8C471E566EC2007BD673 /* Release */ = {
			isa = XCBuildConfiguration;
			buildSettings = {
				ALWAYS_SEARCH_USER_PATHS = NO;
				CLANG_ANALYZER_NONNULL = YES;
				CLANG_CXX_LANGUAGE_STANDARD = "gnu++0x";
				CLANG_CXX_LIBRARY = "libc++";
				CLANG_ENABLE_MODULES = YES;
				CLANG_ENABLE_OBJC_ARC = YES;
				CLANG_WARN_BOOL_CONVERSION = YES;
				CLANG_WARN_CONSTANT_CONVERSION = YES;
				CLANG_WARN_DIRECT_OBJC_ISA_USAGE = YES_ERROR;
				CLANG_WARN_DOCUMENTATION_COMMENTS = YES;
				CLANG_WARN_EMPTY_BODY = YES;
				CLANG_WARN_ENUM_CONVERSION = YES;
				CLANG_WARN_INFINITE_RECURSION = YES;
				CLANG_WARN_INT_CONVERSION = YES;
				CLANG_WARN_OBJC_ROOT_CLASS = YES_ERROR;
				CLANG_WARN_SUSPICIOUS_MOVE = YES;
				CLANG_WARN_UNREACHABLE_CODE = YES;
				CLANG_WARN__DUPLICATE_METHOD_MATCH = YES;
				"CODE_SIGN_IDENTITY[sdk=iphoneos*]" = "iPhone Developer";
				COPY_PHASE_STRIP = NO;
				DEBUG_INFORMATION_FORMAT = "dwarf-with-dsym";
				ENABLE_NS_ASSERTIONS = NO;
				ENABLE_STRICT_OBJC_MSGSEND = YES;
				GCC_C_LANGUAGE_STANDARD = gnu99;
				GCC_NO_COMMON_BLOCKS = YES;
				GCC_WARN_64_TO_32_BIT_CONVERSION = YES;
				GCC_WARN_ABOUT_RETURN_TYPE = YES_ERROR;
				GCC_WARN_UNDECLARED_SELECTOR = YES;
				GCC_WARN_UNINITIALIZED_AUTOS = YES_AGGRESSIVE;
				GCC_WARN_UNUSED_FUNCTION = YES;
				GCC_WARN_UNUSED_VARIABLE = YES;
				IPHONEOS_DEPLOYMENT_TARGET = 10.2;
				MTL_ENABLE_DEBUG_INFO = NO;
				SDKROOT = iphoneos;
				SWIFT_OPTIMIZATION_LEVEL = "-Owholemodule";
				VALIDATE_PRODUCT = YES;
			};
			name = Release;
		};
		AEAB8C491E566EC2007BD673 /* Debug */ = {
			isa = XCBuildConfiguration;
			baseConfigurationReference = 3A7D5349731C8D5E800A44EE /* Pods-pokedex3.debug.xcconfig */;
			buildSettings = {
				ASSETCATALOG_COMPILER_APPICON_NAME = AppIcon;
				DEVELOPMENT_TEAM = 49TA9779W8;
				INFOPLIST_FILE = pokedex3/Info.plist;
				LD_RUNPATH_SEARCH_PATHS = "$(inherited) @executable_path/Frameworks";
				PRODUCT_BUNDLE_IDENTIFIER = com.kismat.pokedex3;
				PRODUCT_NAME = "$(TARGET_NAME)";
				SWIFT_VERSION = 3.0;
			};
			name = Debug;
		};
		AEAB8C4A1E566EC2007BD673 /* Release */ = {
			isa = XCBuildConfiguration;
			baseConfigurationReference = 16101F992DD546518122C95E /* Pods-pokedex3.release.xcconfig */;
			buildSettings = {
				ASSETCATALOG_COMPILER_APPICON_NAME = AppIcon;
				DEVELOPMENT_TEAM = 49TA9779W8;
				INFOPLIST_FILE = pokedex3/Info.plist;
				LD_RUNPATH_SEARCH_PATHS = "$(inherited) @executable_path/Frameworks";
				PRODUCT_BUNDLE_IDENTIFIER = com.kismat.pokedex3;
				PRODUCT_NAME = "$(TARGET_NAME)";
				SWIFT_VERSION = 3.0;
			};
			name = Release;
		};
		AEAB8C4C1E566EC2007BD673 /* Debug */ = {
			isa = XCBuildConfiguration;
			buildSettings = {
				ALWAYS_EMBED_SWIFT_STANDARD_LIBRARIES = YES;
				BUNDLE_LOADER = "$(TEST_HOST)";
				DEVELOPMENT_TEAM = 49TA9779W8;
				INFOPLIST_FILE = pokedex3Tests/Info.plist;
				LD_RUNPATH_SEARCH_PATHS = "$(inherited) @executable_path/Frameworks @loader_path/Frameworks";
				PRODUCT_BUNDLE_IDENTIFIER = com.kismat.pokedex3Tests;
				PRODUCT_NAME = "$(TARGET_NAME)";
				SWIFT_VERSION = 3.0;
				TEST_HOST = "$(BUILT_PRODUCTS_DIR)/pokedex3.app/pokedex3";
			};
			name = Debug;
		};
		AEAB8C4D1E566EC2007BD673 /* Release */ = {
			isa = XCBuildConfiguration;
			buildSettings = {
				ALWAYS_EMBED_SWIFT_STANDARD_LIBRARIES = YES;
				BUNDLE_LOADER = "$(TEST_HOST)";
				DEVELOPMENT_TEAM = 49TA9779W8;
				INFOPLIST_FILE = pokedex3Tests/Info.plist;
				LD_RUNPATH_SEARCH_PATHS = "$(inherited) @executable_path/Frameworks @loader_path/Frameworks";
				PRODUCT_BUNDLE_IDENTIFIER = com.kismat.pokedex3Tests;
				PRODUCT_NAME = "$(TARGET_NAME)";
				SWIFT_VERSION = 3.0;
				TEST_HOST = "$(BUILT_PRODUCTS_DIR)/pokedex3.app/pokedex3";
			};
			name = Release;
		};
		AEAB8C4F1E566EC2007BD673 /* Debug */ = {
			isa = XCBuildConfiguration;
			buildSettings = {
				ALWAYS_EMBED_SWIFT_STANDARD_LIBRARIES = YES;
				DEVELOPMENT_TEAM = 49TA9779W8;
				INFOPLIST_FILE = pokedex3UITests/Info.plist;
				LD_RUNPATH_SEARCH_PATHS = "$(inherited) @executable_path/Frameworks @loader_path/Frameworks";
				PRODUCT_BUNDLE_IDENTIFIER = com.kismat.pokedex3UITests;
				PRODUCT_NAME = "$(TARGET_NAME)";
				SWIFT_VERSION = 3.0;
				TEST_TARGET_NAME = pokedex3;
			};
			name = Debug;
		};
		AEAB8C501E566EC2007BD673 /* Release */ = {
			isa = XCBuildConfiguration;
			buildSettings = {
				ALWAYS_EMBED_SWIFT_STANDARD_LIBRARIES = YES;
				DEVELOPMENT_TEAM = 49TA9779W8;
				INFOPLIST_FILE = pokedex3UITests/Info.plist;
				LD_RUNPATH_SEARCH_PATHS = "$(inherited) @executable_path/Frameworks @loader_path/Frameworks";
				PRODUCT_BUNDLE_IDENTIFIER = com.kismat.pokedex3UITests;
				PRODUCT_NAME = "$(TARGET_NAME)";
				SWIFT_VERSION = 3.0;
				TEST_TARGET_NAME = pokedex3;
			};
			name = Release;
		};
/* End XCBuildConfiguration section */

/* Begin XCConfigurationList section */
		AEAB8C1B1E566EC2007BD673 /* Build configuration list for PBXProject "pokedex3" */ = {
			isa = XCConfigurationList;
			buildConfigurations = (
				AEAB8C461E566EC2007BD673 /* Debug */,
				AEAB8C471E566EC2007BD673 /* Release */,
			);
			defaultConfigurationIsVisible = 0;
			defaultConfigurationName = Release;
		};
		AEAB8C481E566EC2007BD673 /* Build configuration list for PBXNativeTarget "pokedex3" */ = {
			isa = XCConfigurationList;
			buildConfigurations = (
				AEAB8C491E566EC2007BD673 /* Debug */,
				AEAB8C4A1E566EC2007BD673 /* Release */,
			);
			defaultConfigurationIsVisible = 0;
			defaultConfigurationName = Release;
		};
		AEAB8C4B1E566EC2007BD673 /* Build configuration list for PBXNativeTarget "pokedex3Tests" */ = {
			isa = XCConfigurationList;
			buildConfigurations = (
				AEAB8C4C1E566EC2007BD673 /* Debug */,
				AEAB8C4D1E566EC2007BD673 /* Release */,
			);
			defaultConfigurationIsVisible = 0;
			defaultConfigurationName = Release;
		};
		AEAB8C4E1E566EC2007BD673 /* Build configuration list for PBXNativeTarget "pokedex3UITests" */ = {
			isa = XCConfigurationList;
			buildConfigurations = (
				AEAB8C4F1E566EC2007BD673 /* Debug */,
				AEAB8C501E566EC2007BD673 /* Release */,
			);
			defaultConfigurationIsVisible = 0;
			defaultConfigurationName = Release;
		};
/* End XCConfigurationList section */
	};
	rootObject = AEAB8C181E566EC2007BD673 /* Project object */;
}
